// !$*UTF8*$!
{
	archiveVersion = 1;
	classes = {
	};
	objectVersion = 46;
	objects = {

/* Begin PBXBuildFile section */
		D113D4B716D0868C005207F5 /* AppKit.framework in Frameworks */ = {isa = PBXBuildFile; fileRef = D19B59D416D0681E008FD29C /* AppKit.framework */; };
		D113D4B816D0868C005207F5 /* CoreData.framework in Frameworks */ = {isa = PBXBuildFile; fileRef = D19B59D516D0681E008FD29C /* CoreData.framework */; };
		D113D4B916D08697005207F5 /* Cocoa.framework in Frameworks */ = {isa = PBXBuildFile; fileRef = D19B59D116D0681E008FD29C /* Cocoa.framework */; };
		D113D4BA16D087EC005207F5 /* Cedar.framework in Frameworks */ = {isa = PBXBuildFile; fileRef = D172F4BD16D081C300FFA1ED /* Cedar.framework */; };
		D13AAAEF16D15459002C45CC /* OpenGL.framework in Frameworks */ = {isa = PBXBuildFile; fileRef = D13AAAED16D15425002C45CC /* OpenGL.framework */; };
		D13AAAF016D1545F002C45CC /* OpenGL.framework in Frameworks */ = {isa = PBXBuildFile; fileRef = D13AAAED16D15425002C45CC /* OpenGL.framework */; };
		D13AAAF116D15466002C45CC /* OpenGL.framework in Frameworks */ = {isa = PBXBuildFile; fileRef = D13AAAED16D15425002C45CC /* OpenGL.framework */; };
		D141C41C16D0795400E01F14 /* Figure.m in Sources */ = {isa = PBXBuildFile; fileRef = D141C41B16D0795400E01F14 /* Figure.m */; };
		D141C41F16D0798D00E01F14 /* Study.m in Sources */ = {isa = PBXBuildFile; fileRef = D141C41E16D0798D00E01F14 /* Study.m */; };
		D141C42216D079F700E01F14 /* StudyController.m in Sources */ = {isa = PBXBuildFile; fileRef = D141C42116D079F700E01F14 /* StudyController.m */; };
		D141C42516D07A2600E01F14 /* OpenGLView.m in Sources */ = {isa = PBXBuildFile; fileRef = D141C42416D07A2600E01F14 /* OpenGLView.m */; };
		D172F48116D07E4800FFA1ED /* Foundation.framework in Frameworks */ = {isa = PBXBuildFile; fileRef = D172F48016D07E4800FFA1ED /* Foundation.framework */; };
		D172F4A916D0817700FFA1ED /* Foundation.framework in Frameworks */ = {isa = PBXBuildFile; fileRef = D172F48016D07E4800FFA1ED /* Foundation.framework */; };
		D172F4CF16D0824100FFA1ED /* main.m in Sources */ = {isa = PBXBuildFile; fileRef = D172F4CC16D0824100FFA1ED /* main.m */; };
		D172F4D116D082BC00FFA1ED /* StudyAppDelegateSpec.mm in Sources */ = {isa = PBXBuildFile; fileRef = D172F4D016D082BC00FFA1ED /* StudyAppDelegateSpec.mm */; };
		D172F4D316D0832200FFA1ED /* Cedar.framework in Frameworks */ = {isa = PBXBuildFile; fileRef = D172F4BD16D081C300FFA1ED /* Cedar.framework */; };
		D172F4D416D0833F00FFA1ED /* Figure.m in Sources */ = {isa = PBXBuildFile; fileRef = D141C41B16D0795400E01F14 /* Figure.m */; };
		D172F4D516D0834300FFA1ED /* Figure.m in Sources */ = {isa = PBXBuildFile; fileRef = D141C41B16D0795400E01F14 /* Figure.m */; };
		D172F4D616D0834700FFA1ED /* Study.m in Sources */ = {isa = PBXBuildFile; fileRef = D141C41E16D0798D00E01F14 /* Study.m */; };
		D172F4D716D0834800FFA1ED /* Study.m in Sources */ = {isa = PBXBuildFile; fileRef = D141C41E16D0798D00E01F14 /* Study.m */; };
		D172F4D816D0834C00FFA1ED /* StudyController.m in Sources */ = {isa = PBXBuildFile; fileRef = D141C42116D079F700E01F14 /* StudyController.m */; };
		D172F4D916D0835200FFA1ED /* OpenGLView.m in Sources */ = {isa = PBXBuildFile; fileRef = D141C42416D07A2600E01F14 /* OpenGLView.m */; };
		D172F4DA16D0835600FFA1ED /* StudyAppDelegate.m in Sources */ = {isa = PBXBuildFile; fileRef = D19B59E416D0681E008FD29C /* StudyAppDelegate.m */; };
		D172F4DB16D0836400FFA1ED /* main.m in Sources */ = {isa = PBXBuildFile; fileRef = D172F4C716D0821100FFA1ED /* main.m */; };
		D172F4DD16D0843E00FFA1ED /* StudyWindowControllerSpec.mm in Sources */ = {isa = PBXBuildFile; fileRef = D172F4DC16D0843E00FFA1ED /* StudyWindowControllerSpec.mm */; };
		D172F4DF16D0845900FFA1ED /* OpenGLViewSpec.mm in Sources */ = {isa = PBXBuildFile; fileRef = D172F4DE16D0845900FFA1ED /* OpenGLViewSpec.mm */; };
		D172F4E116D0847800FFA1ED /* StudySpec.mm in Sources */ = {isa = PBXBuildFile; fileRef = D172F4E016D0847800FFA1ED /* StudySpec.mm */; };
		D172F4E316D0848900FFA1ED /* FigureSpec.mm in Sources */ = {isa = PBXBuildFile; fileRef = D172F4E216D0848900FFA1ED /* FigureSpec.mm */; };
		D19B59D216D0681E008FD29C /* Cocoa.framework in Frameworks */ = {isa = PBXBuildFile; fileRef = D19B59D116D0681E008FD29C /* Cocoa.framework */; };
		D19B59DC16D0681E008FD29C /* InfoPlist.strings in Resources */ = {isa = PBXBuildFile; fileRef = D19B59DA16D0681E008FD29C /* InfoPlist.strings */; };
		D19B59DE16D0681E008FD29C /* main.m in Sources */ = {isa = PBXBuildFile; fileRef = D19B59DD16D0681E008FD29C /* main.m */; };
		D19B59E216D0681E008FD29C /* Credits.rtf in Resources */ = {isa = PBXBuildFile; fileRef = D19B59E016D0681E008FD29C /* Credits.rtf */; };
		D19B59E516D0681E008FD29C /* StudyAppDelegate.m in Sources */ = {isa = PBXBuildFile; fileRef = D19B59E416D0681E008FD29C /* StudyAppDelegate.m */; };
/* End PBXBuildFile section */

/* Begin PBXFileReference section */
		D13AAAED16D15425002C45CC /* OpenGL.framework */ = {isa = PBXFileReference; lastKnownFileType = wrapper.framework; name = OpenGL.framework; path = System/Library/Frameworks/OpenGL.framework; sourceTree = SDKROOT; };
		D141C41A16D0795400E01F14 /* Figure.h */ = {isa = PBXFileReference; fileEncoding = 4; lastKnownFileType = sourcecode.c.h; path = Figure.h; sourceTree = "<group>"; };
		D141C41B16D0795400E01F14 /* Figure.m */ = {isa = PBXFileReference; fileEncoding = 4; lastKnownFileType = sourcecode.c.objc; path = Figure.m; sourceTree = "<group>"; };
		D141C41D16D0798D00E01F14 /* Study.h */ = {isa = PBXFileReference; fileEncoding = 4; lastKnownFileType = sourcecode.c.h; path = Study.h; sourceTree = "<group>"; };
		D141C41E16D0798D00E01F14 /* Study.m */ = {isa = PBXFileReference; fileEncoding = 4; lastKnownFileType = sourcecode.c.objc; path = Study.m; sourceTree = "<group>"; };
		D141C42016D079F700E01F14 /* StudyController.h */ = {isa = PBXFileReference; fileEncoding = 4; lastKnownFileType = sourcecode.c.h; path = StudyController.h; sourceTree = "<group>"; };
		D141C42116D079F700E01F14 /* StudyController.m */ = {isa = PBXFileReference; fileEncoding = 4; lastKnownFileType = sourcecode.c.objc; path = StudyController.m; sourceTree = "<group>"; };
		D141C42316D07A2600E01F14 /* OpenGLView.h */ = {isa = PBXFileReference; fileEncoding = 4; lastKnownFileType = sourcecode.c.h; path = OpenGLView.h; sourceTree = "<group>"; };
		D141C42416D07A2600E01F14 /* OpenGLView.m */ = {isa = PBXFileReference; fileEncoding = 4; lastKnownFileType = sourcecode.c.objc; path = OpenGLView.m; sourceTree = "<group>"; };
		D172F47F16D07E4800FFA1ED /* UISpecs */ = {isa = PBXFileReference; explicitFileType = "compiled.mach-o.executable"; includeInIndex = 0; path = UISpecs; sourceTree = BUILT_PRODUCTS_DIR; };
		D172F48016D07E4800FFA1ED /* Foundation.framework */ = {isa = PBXFileReference; lastKnownFileType = wrapper.framework; name = Foundation.framework; path = System/Library/Frameworks/Foundation.framework; sourceTree = SDKROOT; };
		D172F4A816D0817700FFA1ED /* Specs */ = {isa = PBXFileReference; explicitFileType = "compiled.mach-o.executable"; includeInIndex = 0; path = Specs; sourceTree = BUILT_PRODUCTS_DIR; };
		D172F4BD16D081C300FFA1ED /* Cedar.framework */ = {isa = PBXFileReference; lastKnownFileType = wrapper.framework; name = Cedar.framework; path = Specs/Frameworks/Cedar.framework; sourceTree = "<group>"; };
		D172F4C716D0821100FFA1ED /* main.m */ = {isa = PBXFileReference; fileEncoding = 4; lastKnownFileType = sourcecode.c.objc; path = main.m; sourceTree = "<group>"; };
		D172F4C816D0821100FFA1ED /* UISpecs-Prefix.pch */ = {isa = PBXFileReference; fileEncoding = 4; lastKnownFileType = sourcecode.c.h; path = "UISpecs-Prefix.pch"; sourceTree = "<group>"; };
		D172F4CC16D0824100FFA1ED /* main.m */ = {isa = PBXFileReference; fileEncoding = 4; lastKnownFileType = sourcecode.c.objc; path = main.m; sourceTree = "<group>"; };
		D172F4CD16D0824100FFA1ED /* Specs-Prefix.pch */ = {isa = PBXFileReference; fileEncoding = 4; lastKnownFileType = sourcecode.c.h; path = "Specs-Prefix.pch"; sourceTree = "<group>"; };
		D172F4D016D082BC00FFA1ED /* StudyAppDelegateSpec.mm */ = {isa = PBXFileReference; fileEncoding = 4; lastKnownFileType = sourcecode.cpp.objcpp; path = StudyAppDelegateSpec.mm; sourceTree = "<group>"; };
		D172F4DC16D0843E00FFA1ED /* StudyWindowControllerSpec.mm */ = {isa = PBXFileReference; fileEncoding = 4; lastKnownFileType = sourcecode.cpp.objcpp; path = StudyWindowControllerSpec.mm; sourceTree = "<group>"; };
		D172F4DE16D0845900FFA1ED /* OpenGLViewSpec.mm */ = {isa = PBXFileReference; fileEncoding = 4; lastKnownFileType = sourcecode.cpp.objcpp; path = OpenGLViewSpec.mm; sourceTree = "<group>"; };
		D172F4E016D0847800FFA1ED /* StudySpec.mm */ = {isa = PBXFileReference; fileEncoding = 4; lastKnownFileType = sourcecode.cpp.objcpp; path = StudySpec.mm; sourceTree = "<group>"; };
		D172F4E216D0848900FFA1ED /* FigureSpec.mm */ = {isa = PBXFileReference; fileEncoding = 4; lastKnownFileType = sourcecode.cpp.objcpp; path = FigureSpec.mm; sourceTree = "<group>"; };
		D19B59CE16D0681E008FD29C /* Studies.app */ = {isa = PBXFileReference; explicitFileType = wrapper.application; includeInIndex = 0; path = Studies.app; sourceTree = BUILT_PRODUCTS_DIR; };
		D19B59D116D0681E008FD29C /* Cocoa.framework */ = {isa = PBXFileReference; lastKnownFileType = wrapper.framework; name = Cocoa.framework; path = System/Library/Frameworks/Cocoa.framework; sourceTree = SDKROOT; };
		D19B59D416D0681E008FD29C /* AppKit.framework */ = {isa = PBXFileReference; lastKnownFileType = wrapper.framework; name = AppKit.framework; path = System/Library/Frameworks/AppKit.framework; sourceTree = SDKROOT; };
		D19B59D516D0681E008FD29C /* CoreData.framework */ = {isa = PBXFileReference; lastKnownFileType = wrapper.framework; name = CoreData.framework; path = System/Library/Frameworks/CoreData.framework; sourceTree = SDKROOT; };
		D19B59D616D0681E008FD29C /* Foundation.framework */ = {isa = PBXFileReference; lastKnownFileType = wrapper.framework; name = Foundation.framework; path = System/Library/Frameworks/Foundation.framework; sourceTree = SDKROOT; };
		D19B59D916D0681E008FD29C /* Studies-Info.plist */ = {isa = PBXFileReference; lastKnownFileType = text.plist.xml; name = "Studies-Info.plist"; path = "App/Resources/Studies-Info.plist"; sourceTree = SOURCE_ROOT; };
		D19B59DB16D0681E008FD29C /* en */ = {isa = PBXFileReference; lastKnownFileType = text.plist.strings; name = en; path = en.lproj/InfoPlist.strings; sourceTree = "<group>"; };
		D19B59DD16D0681E008FD29C /* main.m */ = {isa = PBXFileReference; lastKnownFileType = sourcecode.c.objc; path = main.m; sourceTree = "<group>"; };
		D19B59DF16D0681E008FD29C /* Studies-Prefix.pch */ = {isa = PBXFileReference; lastKnownFileType = sourcecode.c.h; path = "Studies-Prefix.pch"; sourceTree = "<group>"; };
		D19B59E116D0681E008FD29C /* en */ = {isa = PBXFileReference; lastKnownFileType = text.rtf; name = en; path = en.lproj/Credits.rtf; sourceTree = "<group>"; };
		D19B59E316D0681E008FD29C /* StudyAppDelegate.h */ = {isa = PBXFileReference; lastKnownFileType = sourcecode.c.h; path = StudyAppDelegate.h; sourceTree = "<group>"; };
		D19B59E416D0681E008FD29C /* StudyAppDelegate.m */ = {isa = PBXFileReference; lastKnownFileType = sourcecode.c.objc; path = StudyAppDelegate.m; sourceTree = "<group>"; };
/* End PBXFileReference section */

/* Begin PBXFrameworksBuildPhase section */
		D172F47D16D07E4800FFA1ED /* Frameworks */ = {
			isa = PBXFrameworksBuildPhase;
			buildActionMask = 2147483647;
			files = (
				D13AAAF016D1545F002C45CC /* OpenGL.framework in Frameworks */,
				D113D4B716D0868C005207F5 /* AppKit.framework in Frameworks */,
				D113D4B816D0868C005207F5 /* CoreData.framework in Frameworks */,
				D172F48116D07E4800FFA1ED /* Foundation.framework in Frameworks */,
				D172F4D316D0832200FFA1ED /* Cedar.framework in Frameworks */,
				D113D4B916D08697005207F5 /* Cocoa.framework in Frameworks */,
			);
			runOnlyForDeploymentPostprocessing = 0;
		};
		D172F4A616D0817700FFA1ED /* Frameworks */ = {
			isa = PBXFrameworksBuildPhase;
			buildActionMask = 2147483647;
			files = (
				D13AAAF116D15466002C45CC /* OpenGL.framework in Frameworks */,
				D172F4A916D0817700FFA1ED /* Foundation.framework in Frameworks */,
				D113D4BA16D087EC005207F5 /* Cedar.framework in Frameworks */,
			);
			runOnlyForDeploymentPostprocessing = 0;
		};
		D19B59CB16D0681E008FD29C /* Frameworks */ = {
			isa = PBXFrameworksBuildPhase;
			buildActionMask = 2147483647;
			files = (
				D13AAAEF16D15459002C45CC /* OpenGL.framework in Frameworks */,
				D19B59D216D0681E008FD29C /* Cocoa.framework in Frameworks */,
			);
			runOnlyForDeploymentPostprocessing = 0;
		};
/* End PBXFrameworksBuildPhase section */

/* Begin PBXGroup section */
		D141C41616D0782900E01F14 /* Domain */ = {
			isa = PBXGroup;
			children = (
				D141C41716D0783900E01F14 /* Models */,
				D141C41D16D0798D00E01F14 /* Study.h */,
				D141C41E16D0798D00E01F14 /* Study.m */,
			);
			path = Domain;
			sourceTree = "<group>";
		};
		D141C41716D0783900E01F14 /* Models */ = {
			isa = PBXGroup;
			children = (
				D141C41A16D0795400E01F14 /* Figure.h */,
				D141C41B16D0795400E01F14 /* Figure.m */,
			);
			path = Models;
			sourceTree = "<group>";
		};
		D141C41816D0784900E01F14 /* Controllers */ = {
			isa = PBXGroup;
			children = (
				D141C42016D079F700E01F14 /* StudyController.h */,
				D141C42116D079F700E01F14 /* StudyController.m */,
			);
			path = Controllers;
			sourceTree = "<group>";
		};
		D141C41916D0785500E01F14 /* Views */ = {
			isa = PBXGroup;
			children = (
				D141C42316D07A2600E01F14 /* OpenGLView.h */,
				D141C42416D07A2600E01F14 /* OpenGLView.m */,
			);
			path = Views;
			sourceTree = "<group>";
		};
		D141C42616D07C9200E01F14 /* Specs */ = {
			isa = PBXGroup;
			children = (
				D172F4A316D080BE00FFA1ED /* Frameworks */,
				D172F47716D07D8400FFA1ED /* UI */,
				D141C42716D07CA100E01F14 /* Domain */,
			);
			path = Specs;
			sourceTree = "<group>";
		};
		D141C42716D07CA100E01F14 /* Domain */ = {
			isa = PBXGroup;
			children = (
				D172F4A216D080B000FFA1ED /* Resources */,
				D172F47A16D07DB100FFA1ED /* Models */,
				D172F4E016D0847800FFA1ED /* StudySpec.mm */,
			);
			path = Domain;
			sourceTree = "<group>";
		};
		D156300816D06F2600DCDB26 /* Xibs */ = {
			isa = PBXGroup;
			children = (
			);
			path = Xibs;
			sourceTree = "<group>";
		};
		D172F47716D07D8400FFA1ED /* UI */ = {
			isa = PBXGroup;
			children = (
				D172F4A116D080A800FFA1ED /* Resources */,
				D172F47816D07D9300FFA1ED /* Controllers */,
				D172F47916D07D9F00FFA1ED /* Views */,
				D172F4D016D082BC00FFA1ED /* StudyAppDelegateSpec.mm */,
			);
			path = UI;
			sourceTree = "<group>";
		};
		D172F47816D07D9300FFA1ED /* Controllers */ = {
			isa = PBXGroup;
			children = (
				D172F4DC16D0843E00FFA1ED /* StudyWindowControllerSpec.mm */,
			);
			path = Controllers;
			sourceTree = "<group>";
		};
		D172F47916D07D9F00FFA1ED /* Views */ = {
			isa = PBXGroup;
			children = (
				D172F4DE16D0845900FFA1ED /* OpenGLViewSpec.mm */,
			);
			path = Views;
			sourceTree = "<group>";
		};
		D172F47A16D07DB100FFA1ED /* Models */ = {
			isa = PBXGroup;
			children = (
				D172F4E216D0848900FFA1ED /* FigureSpec.mm */,
			);
			name = Models;
			path = Resources;
			sourceTree = "<group>";
		};
		D172F4A116D080A800FFA1ED /* Resources */ = {
			isa = PBXGroup;
			children = (
				D172F4C716D0821100FFA1ED /* main.m */,
				D172F4C816D0821100FFA1ED /* UISpecs-Prefix.pch */,
			);
			path = Resources;
			sourceTree = "<group>";
		};
		D172F4A216D080B000FFA1ED /* Resources */ = {
			isa = PBXGroup;
			children = (
				D172F4CC16D0824100FFA1ED /* main.m */,
				D172F4CD16D0824100FFA1ED /* Specs-Prefix.pch */,
			);
			path = Resources;
			sourceTree = "<group>";
		};
		D172F4A316D080BE00FFA1ED /* Frameworks */ = {
			isa = PBXGroup;
			children = (
				D172F4BD16D081C300FFA1ED /* Cedar.framework */,
			);
			name = Frameworks;
			path = Specs/Frameworks;
			sourceTree = "<group>";
		};
		D19B59C516D0681E008FD29C = {
			isa = PBXGroup;
			children = (
				D19B59D716D0681E008FD29C /* App */,
				D141C42616D07C9200E01F14 /* Specs */,
				D19B59D016D0681E008FD29C /* Frameworks */,
				D19B59CF16D0681E008FD29C /* Products */,
			);
			sourceTree = "<group>";
		};
		D19B59CF16D0681E008FD29C /* Products */ = {
			isa = PBXGroup;
			children = (
				D19B59CE16D0681E008FD29C /* Studies.app */,
				D172F47F16D07E4800FFA1ED /* UISpecs */,
				D172F4A816D0817700FFA1ED /* Specs */,
			);
			name = Products;
			sourceTree = "<group>";
		};
		D19B59D016D0681E008FD29C /* Frameworks */ = {
			isa = PBXGroup;
			children = (
				D13AAAED16D15425002C45CC /* OpenGL.framework */,
				D19B59D116D0681E008FD29C /* Cocoa.framework */,
				D172F48016D07E4800FFA1ED /* Foundation.framework */,
				D19B59D316D0681E008FD29C /* Other Frameworks */,
			);
			name = Frameworks;
			sourceTree = "<group>";
		};
		D19B59D316D0681E008FD29C /* Other Frameworks */ = {
			isa = PBXGroup;
			children = (
				D19B59D416D0681E008FD29C /* AppKit.framework */,
				D19B59D516D0681E008FD29C /* CoreData.framework */,
				D19B59D616D0681E008FD29C /* Foundation.framework */,
			);
			name = "Other Frameworks";
			sourceTree = "<group>";
		};
		D19B59D716D0681E008FD29C /* App */ = {
			isa = PBXGroup;
			children = (
				D141C41616D0782900E01F14 /* Domain */,
				D1CBE11916D06B6B00137E7D /* UI */,
				D19B59D816D0681E008FD29C /* Resources */,
			);
			path = App;
			sourceTree = "<group>";
		};
		D19B59D816D0681E008FD29C /* Resources */ = {
			isa = PBXGroup;
			children = (
				D156300816D06F2600DCDB26 /* Xibs */,
				D19B59D916D0681E008FD29C /* Studies-Info.plist */,
				D19B59DA16D0681E008FD29C /* InfoPlist.strings */,
				D19B59DD16D0681E008FD29C /* main.m */,
				D19B59DF16D0681E008FD29C /* Studies-Prefix.pch */,
				D19B59E016D0681E008FD29C /* Credits.rtf */,
			);
			path = Resources;
			sourceTree = "<group>";
		};
		D1CBE11916D06B6B00137E7D /* UI */ = {
			isa = PBXGroup;
			children = (
				D141C41816D0784900E01F14 /* Controllers */,
				D141C41916D0785500E01F14 /* Views */,
				D19B59E316D0681E008FD29C /* StudyAppDelegate.h */,
				D19B59E416D0681E008FD29C /* StudyAppDelegate.m */,
			);
			path = UI;
			sourceTree = "<group>";
		};
/* End PBXGroup section */

/* Begin PBXNativeTarget section */
		D172F47E16D07E4800FFA1ED /* UISpecs */ = {
			isa = PBXNativeTarget;
			buildConfigurationList = D172F48B16D07E4800FFA1ED /* Build configuration list for PBXNativeTarget "UISpecs" */;
			buildPhases = (
				D172F47B16D07E4800FFA1ED /* ShellScript */,
				D172F47C16D07E4800FFA1ED /* Sources */,
				D172F47D16D07E4800FFA1ED /* Frameworks */,
			);
			buildRules = (
			);
			dependencies = (
			);
			name = UISpecs;
			productName = UISpecs;
			productReference = D172F47F16D07E4800FFA1ED /* UISpecs */;
			productType = "com.apple.product-type.tool";
		};
		D172F4A716D0817700FFA1ED /* Specs */ = {
			isa = PBXNativeTarget;
			buildConfigurationList = D172F4B116D0817700FFA1ED /* Build configuration list for PBXNativeTarget "Specs" */;
			buildPhases = (
				D172F4A416D0817700FFA1ED /* ShellScript */,
				D172F4A516D0817700FFA1ED /* Sources */,
				D172F4A616D0817700FFA1ED /* Frameworks */,
			);
			buildRules = (
			);
			dependencies = (
			);
			name = Specs;
			productName = Specs;
			productReference = D172F4A816D0817700FFA1ED /* Specs */;
			productType = "com.apple.product-type.tool";
		};
		D19B59CD16D0681E008FD29C /* Studies */ = {
			isa = PBXNativeTarget;
			buildConfigurationList = D19B59EB16D0681F008FD29C /* Build configuration list for PBXNativeTarget "Studies" */;
			buildPhases = (
				D19B59CA16D0681E008FD29C /* Sources */,
				D19B59CB16D0681E008FD29C /* Frameworks */,
				D19B59CC16D0681E008FD29C /* Resources */,
			);
			buildRules = (
			);
			dependencies = (
			);
			name = Studies;
			productName = Studies;
			productReference = D19B59CE16D0681E008FD29C /* Studies.app */;
			productType = "com.apple.product-type.application";
		};
/* End PBXNativeTarget section */

/* Begin PBXProject section */
		D19B59C616D0681E008FD29C /* Project object */ = {
			isa = PBXProject;
			attributes = {
				CLASSPREFIX = Study;
				LastUpgradeCheck = 0460;
				ORGANIZATIONNAME = "John Halderman";
			};
			buildConfigurationList = D19B59C916D0681E008FD29C /* Build configuration list for PBXProject "Studies" */;
			compatibilityVersion = "Xcode 3.2";
			developmentRegion = English;
			hasScannedForEncodings = 0;
			knownRegions = (
				en,
			);
			mainGroup = D19B59C516D0681E008FD29C;
			productRefGroup = D19B59CF16D0681E008FD29C /* Products */;
			projectDirPath = "";
			projectRoot = "";
			targets = (
				D19B59CD16D0681E008FD29C /* Studies */,
				D172F47E16D07E4800FFA1ED /* UISpecs */,
				D172F4A716D0817700FFA1ED /* Specs */,
			);
		};
/* End PBXProject section */

/* Begin PBXResourcesBuildPhase section */
		D19B59CC16D0681E008FD29C /* Resources */ = {
			isa = PBXResourcesBuildPhase;
			buildActionMask = 2147483647;
			files = (
				D19B59DC16D0681E008FD29C /* InfoPlist.strings in Resources */,
				D19B59E216D0681E008FD29C /* Credits.rtf in Resources */,
			);
			runOnlyForDeploymentPostprocessing = 0;
		};
/* End PBXResourcesBuildPhase section */

/* Begin PBXShellScriptBuildPhase section */
		D172F47B16D07E4800FFA1ED /* ShellScript */ = {
			isa = PBXShellScriptBuildPhase;
			buildActionMask = 12;
			files = (
			);
			inputPaths = (
			);
			outputPaths = (
			);
			runOnlyForDeploymentPostprocessing = 0;
			shellPath = /bin/sh;
			shellScript = "cp -R Specs/Frameworks/Cedar.framework \"${BUILT_PRODUCTS_DIR}\"";
		};
		D172F4A416D0817700FFA1ED /* ShellScript */ = {
			isa = PBXShellScriptBuildPhase;
			buildActionMask = 2147483647;
			files = (
			);
			inputPaths = (
			);
			outputPaths = (
			);
			runOnlyForDeploymentPostprocessing = 0;
			shellPath = /bin/sh;
			shellScript = "cp -R Specs/Frameworks/Cedar.framework \"${BUILT_PRODUCTS_DIR}\"";
		};
/* End PBXShellScriptBuildPhase section */

/* Begin PBXSourcesBuildPhase section */
		D172F47C16D07E4800FFA1ED /* Sources */ = {
			isa = PBXSourcesBuildPhase;
			buildActionMask = 2147483647;
			files = (
				D172F4D116D082BC00FFA1ED /* StudyAppDelegateSpec.mm in Sources */,
				D172F4D516D0834300FFA1ED /* Figure.m in Sources */,
				D172F4D616D0834700FFA1ED /* Study.m in Sources */,
				D172F4D816D0834C00FFA1ED /* StudyController.m in Sources */,
				D172F4D916D0835200FFA1ED /* OpenGLView.m in Sources */,
				D172F4DA16D0835600FFA1ED /* StudyAppDelegate.m in Sources */,
				D172F4DB16D0836400FFA1ED /* main.m in Sources */,
				D172F4DD16D0843E00FFA1ED /* StudyWindowControllerSpec.mm in Sources */,
				D172F4DF16D0845900FFA1ED /* OpenGLViewSpec.mm in Sources */,
			);
			runOnlyForDeploymentPostprocessing = 0;
		};
		D172F4A516D0817700FFA1ED /* Sources */ = {
			isa = PBXSourcesBuildPhase;
			buildActionMask = 2147483647;
			files = (
				D172F4CF16D0824100FFA1ED /* main.m in Sources */,
				D172F4D416D0833F00FFA1ED /* Figure.m in Sources */,
				D172F4D716D0834800FFA1ED /* Study.m in Sources */,
				D172F4E116D0847800FFA1ED /* StudySpec.mm in Sources */,
				D172F4E316D0848900FFA1ED /* FigureSpec.mm in Sources */,
			);
			runOnlyForDeploymentPostprocessing = 0;
		};
		D19B59CA16D0681E008FD29C /* Sources */ = {
			isa = PBXSourcesBuildPhase;
			buildActionMask = 2147483647;
			files = (
				D19B59DE16D0681E008FD29C /* main.m in Sources */,
				D19B59E516D0681E008FD29C /* StudyAppDelegate.m in Sources */,
				D141C41C16D0795400E01F14 /* Figure.m in Sources */,
				D141C41F16D0798D00E01F14 /* Study.m in Sources */,
				D141C42216D079F700E01F14 /* StudyController.m in Sources */,
				D141C42516D07A2600E01F14 /* OpenGLView.m in Sources */,
			);
			runOnlyForDeploymentPostprocessing = 0;
		};
/* End PBXSourcesBuildPhase section */

/* Begin PBXVariantGroup section */
		D19B59DA16D0681E008FD29C /* InfoPlist.strings */ = {
			isa = PBXVariantGroup;
			children = (
				D19B59DB16D0681E008FD29C /* en */,
			);
			name = InfoPlist.strings;
			path = App/Resources;
			sourceTree = SOURCE_ROOT;
		};
		D19B59E016D0681E008FD29C /* Credits.rtf */ = {
			isa = PBXVariantGroup;
			children = (
				D19B59E116D0681E008FD29C /* en */,
			);
			name = Credits.rtf;
			sourceTree = "<group>";
		};
/* End PBXVariantGroup section */

/* Begin XCBuildConfiguration section */
		D172F48C16D07E4800FFA1ED /* Debug */ = {
			isa = XCBuildConfiguration;
			buildSettings = {
				CLANG_ENABLE_OBJC_ARC = NO;
				FRAMEWORK_SEARCH_PATHS = (
					"$(inherited)",
					"\"$(SRCROOT)/Specs/Frameworks\"",
				);
				GCC_PRECOMPILE_PREFIX_HEADER = YES;
				GCC_PREFIX_HEADER = "Specs/UI/Resources/UISpecs-Prefix.pch";
				PRODUCT_NAME = "$(TARGET_NAME)";
			};
			name = Debug;
		};
		D172F48D16D07E4800FFA1ED /* Release */ = {
			isa = XCBuildConfiguration;
			buildSettings = {
				CLANG_ENABLE_OBJC_ARC = NO;
				FRAMEWORK_SEARCH_PATHS = (
					"$(inherited)",
					"\"$(SRCROOT)/Specs/Frameworks\"",
				);
				GCC_PRECOMPILE_PREFIX_HEADER = YES;
				GCC_PREFIX_HEADER = "Specs/UI/Resources/UISpecs-Prefix.pch";
				PRODUCT_NAME = "$(TARGET_NAME)";
			};
			name = Release;
		};
		D172F4B216D0817700FFA1ED /* Debug */ = {
			isa = XCBuildConfiguration;
			buildSettings = {
				CLANG_ENABLE_OBJC_ARC = NO;
				FRAMEWORK_SEARCH_PATHS = (
					"$(inherited)",
					"\"$(SRCROOT)/Specs/Frameworks\"",
				);
				GCC_PRECOMPILE_PREFIX_HEADER = YES;
				GCC_PREFIX_HEADER = "Specs/Domain/Resources/Specs-Prefix.pch";
				PRODUCT_NAME = "$(TARGET_NAME)";
			};
			name = Debug;
		};
		D172F4B316D0817700FFA1ED /* Release */ = {
			isa = XCBuildConfiguration;
			buildSettings = {
				CLANG_ENABLE_OBJC_ARC = NO;
				FRAMEWORK_SEARCH_PATHS = (
					"$(inherited)",
					"\"$(SRCROOT)/Specs/Frameworks\"",
				);
				GCC_PRECOMPILE_PREFIX_HEADER = YES;
				GCC_PREFIX_HEADER = "Specs/Domain/Resources/Specs-Prefix.pch";
				PRODUCT_NAME = "$(TARGET_NAME)";
			};
			name = Release;
		};
		D19B59E916D0681F008FD29C /* Debug */ = {
			isa = XCBuildConfiguration;
			buildSettings = {
				ALWAYS_SEARCH_USER_PATHS = NO;
				ARCHS = "$(ARCHS_STANDARD_64_BIT)";
				CLANG_CXX_LANGUAGE_STANDARD = "gnu++0x";
				CLANG_CXX_LIBRARY = "libc++";
				CLANG_WARN_CONSTANT_CONVERSION = YES;
				CLANG_WARN_EMPTY_BODY = YES;
				CLANG_WARN_ENUM_CONVERSION = YES;
				CLANG_WARN_INT_CONVERSION = YES;
				CLANG_WARN__DUPLICATE_METHOD_MATCH = YES;
				COPY_PHASE_STRIP = NO;
				GCC_C_LANGUAGE_STANDARD = gnu99;
				GCC_DYNAMIC_NO_PIC = NO;
				GCC_ENABLE_OBJC_EXCEPTIONS = YES;
				GCC_OPTIMIZATION_LEVEL = 0;
				GCC_PREPROCESSOR_DEFINITIONS = (
					"DEBUG=1",
					"$(inherited)",
				);
				GCC_SYMBOLS_PRIVATE_EXTERN = NO;
				GCC_WARN_64_TO_32_BIT_CONVERSION = YES;
				GCC_WARN_ABOUT_RETURN_TYPE = YES;
				GCC_WARN_UNINITIALIZED_AUTOS = YES;
				GCC_WARN_UNUSED_VARIABLE = YES;
				MACOSX_DEPLOYMENT_TARGET = 10.8;
				ONLY_ACTIVE_ARCH = YES;
				SDKROOT = macosx;
			};
			name = Debug;
		};
		D19B59EA16D0681F008FD29C /* Release */ = {
			isa = XCBuildConfiguration;
			buildSettings = {
				ALWAYS_SEARCH_USER_PATHS = NO;
				ARCHS = "$(ARCHS_STANDARD_64_BIT)";
				CLANG_CXX_LANGUAGE_STANDARD = "gnu++0x";
				CLANG_CXX_LIBRARY = "libc++";
				CLANG_WARN_CONSTANT_CONVERSION = YES;
				CLANG_WARN_EMPTY_BODY = YES;
				CLANG_WARN_ENUM_CONVERSION = YES;
				CLANG_WARN_INT_CONVERSION = YES;
				CLANG_WARN__DUPLICATE_METHOD_MATCH = YES;
				COPY_PHASE_STRIP = YES;
				DEBUG_INFORMATION_FORMAT = "dwarf-with-dsym";
				GCC_C_LANGUAGE_STANDARD = gnu99;
				GCC_ENABLE_OBJC_EXCEPTIONS = YES;
				GCC_WARN_64_TO_32_BIT_CONVERSION = YES;
				GCC_WARN_ABOUT_RETURN_TYPE = YES;
				GCC_WARN_UNINITIALIZED_AUTOS = YES;
				GCC_WARN_UNUSED_VARIABLE = YES;
				MACOSX_DEPLOYMENT_TARGET = 10.8;
				SDKROOT = macosx;
			};
			name = Release;
		};
		D19B59EC16D0681F008FD29C /* Debug */ = {
			isa = XCBuildConfiguration;
			buildSettings = {
				COMBINE_HIDPI_IMAGES = YES;
				GCC_PRECOMPILE_PREFIX_HEADER = YES;
				GCC_PREFIX_HEADER = "App/Resources/Studies-Prefix.pch";
				INFOPLIST_FILE = "App/Resources/Studies-Info.plist";
				PRODUCT_NAME = "$(TARGET_NAME)";
				WRAPPER_EXTENSION = app;
			};
			name = Debug;
		};
		D19B59ED16D0681F008FD29C /* Release */ = {
			isa = XCBuildConfiguration;
			buildSettings = {
				COMBINE_HIDPI_IMAGES = YES;
				GCC_PRECOMPILE_PREFIX_HEADER = YES;
				GCC_PREFIX_HEADER = "App/Resources/Studies-Prefix.pch";
				INFOPLIST_FILE = "App/Resources/Studies-Info.plist";
				PRODUCT_NAME = "$(TARGET_NAME)";
				WRAPPER_EXTENSION = app;
			};
			name = Release;
		};
/* End XCBuildConfiguration section */

/* Begin XCConfigurationList section */
		D172F48B16D07E4800FFA1ED /* Build configuration list for PBXNativeTarget "UISpecs" */ = {
			isa = XCConfigurationList;
			buildConfigurations = (
				D172F48C16D07E4800FFA1ED /* Debug */,
				D172F48D16D07E4800FFA1ED /* Release */,
			);
			defaultConfigurationIsVisible = 0;
			defaultConfigurationName = Release;
		};
		D172F4B116D0817700FFA1ED /* Build configuration list for PBXNativeTarget "Specs" */ = {
			isa = XCConfigurationList;
			buildConfigurations = (
				D172F4B216D0817700FFA1ED /* Debug */,
				D172F4B316D0817700FFA1ED /* Release */,
			);
			defaultConfigurationIsVisible = 0;
			defaultConfigurationName = Release;
		};
		D19B59C916D0681E008FD29C /* Build configuration list for PBXProject "Studies" */ = {
			isa = XCConfigurationList;
			buildConfigurations = (
				D19B59E916D0681F008FD29C /* Debug */,
				D19B59EA16D0681F008FD29C /* Release */,
			);
			defaultConfigurationIsVisible = 0;
			defaultConfigurationName = Release;
		};
		D19B59EB16D0681F008FD29C /* Build configuration list for PBXNativeTarget "Studies" */ = {
			isa = XCConfigurationList;
			buildConfigurations = (
				D19B59EC16D0681F008FD29C /* Debug */,
				D19B59ED16D0681F008FD29C /* Release */,
			);
			defaultConfigurationIsVisible = 0;
			defaultConfigurationName = Release;
		};
/* End XCConfigurationList section */
	};
	rootObject = D19B59C616D0681E008FD29C /* Project object */;
}
